Microsoft Visual Studio Solution File, Format Version 12.00
# Visual Studio Version 17
VisualStudioVersion = 17.5.2.0
MinimumVisualStudioVersion = 10.0.40219.1
Project("{FAE04EC0-301F-11D3-BF4B-00C04F79EFBC}") = "ejemplo", "ejemplo.csproj", "{B203AE67-1EC7-3149-99D1-C6EB20895D23}"
EndProject
Global
	GlobalSection(SolutionConfigurationPlatforms) = preSolution
		Debug|Any CPU = Debug|Any CPU
		Release|Any CPU = Release|Any CPU
	EndGlobalSection
	GlobalSection(ProjectConfigurationPlatforms) = postSolution
		{B203AE67-1EC7-3149-99D1-C6EB20895D23}.Debug|Any CPU.ActiveCfg = Debug|Any CPU
		{B203AE67-1EC7-3149-99D1-C6EB20895D23}.Debug|Any CPU.Build.0 = Debug|Any CPU
		{B203AE67-1EC7-3149-99D1-C6EB20895D23}.Release|Any CPU.ActiveCfg = Release|Any CPU
		{B203AE67-1EC7-3149-99D1-C6EB20895D23}.Release|Any CPU.Build.0 = Release|Any CPU
	EndGlobalSection
	GlobalSection(SolutionProperties) = preSolution
		HideSolutionNode = FALSE
	EndGlobalSection
	GlobalSection(ExtensibilityGlobals) = postSolution
		SolutionGuid = {3A944090-3540-4FF6-97A4-FF5566AAD9F3}
	EndGlobalSection
EndGlobal
